
Microsoft Visual Studio Solution File, Format Version 12.00
# Visual Studio Version 17
VisualStudioVersion = 17.4.33213.308
MinimumVisualStudioVersion = 10.0.40219.1
Project("{FAE04EC0-301F-11D3-BF4B-00C04F79EFBC}") = "lab3", "lab3\lab3.csproj", "{DAB6FAE3-2A00-47C4-9ABD-6625D9258CED}"
EndProject
Global
	GlobalSection(SolutionConfigurationPlatforms) = preSolution
		Debug|Any CPU = Debug|Any CPU
		Release|Any CPU = Release|Any CPU
	EndGlobalSection
	GlobalSection(ProjectConfigurationPlatforms) = postSolution
		{DAB6FAE3-2A00-47C4-9ABD-6625D9258CED}.Debug|Any CPU.ActiveCfg = Debug|Any CPU
		{DAB6FAE3-2A00-47C4-9ABD-6625D9258CED}.Debug|Any CPU.Build.0 = Debug|Any CPU
		{DAB6FAE3-2A00-47C4-9ABD-6625D9258CED}.Release|Any CPU.ActiveCfg = Release|Any CPU
		{DAB6FAE3-2A00-47C4-9ABD-6625D9258CED}.Release|Any CPU.Build.0 = Release|Any CPU
	EndGlobalSection
	GlobalSection(SolutionProperties) = preSolution
		HideSolutionNode = FALSE
	EndGlobalSection
	GlobalSection(ExtensibilityGlobals) = postSolution
		SolutionGuid = {DAACD362-7369-421B-AAA8-A828621BE9D5}
	EndGlobalSection
EndGlobal
